// !$*UTF8*$!
{
	archiveVersion = 1;
	classes = {
	};
	objectVersion = 46;
	objects = {

/* Begin PBXBuildFile section */
		D9F22A931F9AFCD800E93FC6 /* AppDelegate.swift in Sources */ = {isa = PBXBuildFile; fileRef = D9F22A921F9AFCD800E93FC6 /* AppDelegate.swift */; };
		D9F22A951F9AFCD800E93FC6 /* ViewController.swift in Sources */ = {isa = PBXBuildFile; fileRef = D9F22A941F9AFCD800E93FC6 /* ViewController.swift */; };
		D9F22A981F9AFCD800E93FC6 /* Main.storyboard in Resources */ = {isa = PBXBuildFile; fileRef = D9F22A961F9AFCD800E93FC6 /* Main.storyboard */; };
		D9F22A9A1F9AFCD800E93FC6 /* Assets.xcassets in Resources */ = {isa = PBXBuildFile; fileRef = D9F22A991F9AFCD800E93FC6 /* Assets.xcassets */; };
		D9F22A9D1F9AFCD800E93FC6 /* LaunchScreen.storyboard in Resources */ = {isa = PBXBuildFile; fileRef = D9F22A9B1F9AFCD800E93FC6 /* LaunchScreen.storyboard */; };
		D9F22AA81F9AFCD900E93FC6 /* Study_DateTests.swift in Sources */ = {isa = PBXBuildFile; fileRef = D9F22AA71F9AFCD900E93FC6 /* Study_DateTests.swift */; };
		D9F22AB31F9AFCD900E93FC6 /* Study_DateUITests.swift in Sources */ = {isa = PBXBuildFile; fileRef = D9F22AB21F9AFCD900E93FC6 /* Study_DateUITests.swift */; };
/* End PBXBuildFile section */

/* Begin PBXContainerItemProxy section */
		D9F22AA41F9AFCD900E93FC6 /* PBXContainerItemProxy */ = {
			isa = PBXContainerItemProxy;
			containerPortal = D9F22A871F9AFCD800E93FC6 /* Project object */;
			proxyType = 1;
			remoteGlobalIDString = D9F22A8E1F9AFCD800E93FC6;
			remoteInfo = "Study Date";
		};
		D9F22AAF1F9AFCD900E93FC6 /* PBXContainerItemProxy */ = {
			isa = PBXContainerItemProxy;
			containerPortal = D9F22A871F9AFCD800E93FC6 /* Project object */;
			proxyType = 1;
			remoteGlobalIDString = D9F22A8E1F9AFCD800E93FC6;
			remoteInfo = "Study Date";
		};
/* End PBXContainerItemProxy section */

/* Begin PBXFileReference section */
		D9F22A8F1F9AFCD800E93FC6 /* Study Date.app */ = {isa = PBXFileReference; explicitFileType = wrapper.application; includeInIndex = 0; path = "Study Date.app"; sourceTree = BUILT_PRODUCTS_DIR; };
		D9F22A921F9AFCD800E93FC6 /* AppDelegate.swift */ = {isa = PBXFileReference; lastKnownFileType = sourcecode.swift; path = AppDelegate.swift; sourceTree = "<group>"; };
		D9F22A941F9AFCD800E93FC6 /* ViewController.swift */ = {isa = PBXFileReference; lastKnownFileType = sourcecode.swift; path = ViewController.swift; sourceTree = "<group>"; };
		D9F22A971F9AFCD800E93FC6 /* Base */ = {isa = PBXFileReference; lastKnownFileType = file.storyboard; name = Base; path = Base.lproj/Main.storyboard; sourceTree = "<group>"; };
		D9F22A991F9AFCD800E93FC6 /* Assets.xcassets */ = {isa = PBXFileReference; lastKnownFileType = folder.assetcatalog; path = Assets.xcassets; sourceTree = "<group>"; };
		D9F22A9C1F9AFCD800E93FC6 /* Base */ = {isa = PBXFileReference; lastKnownFileType = file.storyboard; name = Base; path = Base.lproj/LaunchScreen.storyboard; sourceTree = "<group>"; };
		D9F22A9E1F9AFCD800E93FC6 /* Info.plist */ = {isa = PBXFileReference; lastKnownFileType = text.plist.xml; path = Info.plist; sourceTree = "<group>"; };
		D9F22AA31F9AFCD900E93FC6 /* Study DateTests.xctest */ = {isa = PBXFileReference; explicitFileType = wrapper.cfbundle; includeInIndex = 0; path = "Study DateTests.xctest"; sourceTree = BUILT_PRODUCTS_DIR; };
		D9F22AA71F9AFCD900E93FC6 /* Study_DateTests.swift */ = {isa = PBXFileReference; lastKnownFileType = sourcecode.swift; path = Study_DateTests.swift; sourceTree = "<group>"; };
		D9F22AA91F9AFCD900E93FC6 /* Info.plist */ = {isa = PBXFileReference; lastKnownFileType = text.plist.xml; path = Info.plist; sourceTree = "<group>"; };
		D9F22AAE1F9AFCD900E93FC6 /* Study DateUITests.xctest */ = {isa = PBXFileReference; explicitFileType = wrapper.cfbundle; includeInIndex = 0; path = "Study DateUITests.xctest"; sourceTree = BUILT_PRODUCTS_DIR; };
		D9F22AB21F9AFCD900E93FC6 /* Study_DateUITests.swift */ = {isa = PBXFileReference; lastKnownFileType = sourcecode.swift; path = Study_DateUITests.swift; sourceTree = "<group>"; };
		D9F22AB41F9AFCD900E93FC6 /* Info.plist */ = {isa = PBXFileReference; lastKnownFileType = text.plist.xml; path = Info.plist; sourceTree = "<group>"; };
/* End PBXFileReference section */

/* Begin PBXFrameworksBuildPhase section */
		D9F22A8C1F9AFCD800E93FC6 /* Frameworks */ = {
			isa = PBXFrameworksBuildPhase;
			buildActionMask = 2147483647;
			files = (
			);
			runOnlyForDeploymentPostprocessing = 0;
		};
		D9F22AA01F9AFCD900E93FC6 /* Frameworks */ = {
			isa = PBXFrameworksBuildPhase;
			buildActionMask = 2147483647;
			files = (
			);
			runOnlyForDeploymentPostprocessing = 0;
		};
		D9F22AAB1F9AFCD900E93FC6 /* Frameworks */ = {
			isa = PBXFrameworksBuildPhase;
			buildActionMask = 2147483647;
			files = (
			);
			runOnlyForDeploymentPostprocessing = 0;
		};
/* End PBXFrameworksBuildPhase section */

/* Begin PBXGroup section */
		D9F22A861F9AFCD800E93FC6 = {
			isa = PBXGroup;
			children = (
				D9F22A911F9AFCD800E93FC6 /* Study Date */,
				D9F22AA61F9AFCD900E93FC6 /* Study DateTests */,
				D9F22AB11F9AFCD900E93FC6 /* Study DateUITests */,
				D9F22A901F9AFCD800E93FC6 /* Products */,
			);
			sourceTree = "<group>";
		};
		D9F22A901F9AFCD800E93FC6 /* Products */ = {
			isa = PBXGroup;
			children = (
				D9F22A8F1F9AFCD800E93FC6 /* Study Date.app */,
				D9F22AA31F9AFCD900E93FC6 /* Study DateTests.xctest */,
				D9F22AAE1F9AFCD900E93FC6 /* Study DateUITests.xctest */,
			);
			name = Products;
			sourceTree = "<group>";
		};
		D9F22A911F9AFCD800E93FC6 /* Study Date */ = {
			isa = PBXGroup;
			children = (
				D9F22A921F9AFCD800E93FC6 /* AppDelegate.swift */,
				D9F22A941F9AFCD800E93FC6 /* ViewController.swift */,
				D9F22A961F9AFCD800E93FC6 /* Main.storyboard */,
				D9F22A991F9AFCD800E93FC6 /* Assets.xcassets */,
				D9F22A9B1F9AFCD800E93FC6 /* LaunchScreen.storyboard */,
				D9F22A9E1F9AFCD800E93FC6 /* Info.plist */,
			);
			path = "Study Date";
			sourceTree = "<group>";
		};
		D9F22AA61F9AFCD900E93FC6 /* Study DateTests */ = {
			isa = PBXGroup;
			children = (
				D9F22AA71F9AFCD900E93FC6 /* Study_DateTests.swift */,
				D9F22AA91F9AFCD900E93FC6 /* Info.plist */,
			);
			path = "Study DateTests";
			sourceTree = "<group>";
		};
		D9F22AB11F9AFCD900E93FC6 /* Study DateUITests */ = {
			isa = PBXGroup;
			children = (
				D9F22AB21F9AFCD900E93FC6 /* Study_DateUITests.swift */,
				D9F22AB41F9AFCD900E93FC6 /* Info.plist */,
			);
			path = "Study DateUITests";
			sourceTree = "<group>";
		};
/* End PBXGroup section */

/* Begin PBXNativeTarget section */
		D9F22A8E1F9AFCD800E93FC6 /* Study Date */ = {
			isa = PBXNativeTarget;
			buildConfigurationList = D9F22AB71F9AFCD900E93FC6 /* Build configuration list for PBXNativeTarget "Study Date" */;
			buildPhases = (
				D9F22A8B1F9AFCD800E93FC6 /* Sources */,
				D9F22A8C1F9AFCD800E93FC6 /* Frameworks */,
				D9F22A8D1F9AFCD800E93FC6 /* Resources */,
			);
			buildRules = (
			);
			dependencies = (
			);
			name = "Study Date";
			productName = "Study Date";
			productReference = D9F22A8F1F9AFCD800E93FC6 /* Study Date.app */;
			productType = "com.apple.product-type.application";
		};
		D9F22AA21F9AFCD900E93FC6 /* Study DateTests */ = {
			isa = PBXNativeTarget;
			buildConfigurationList = D9F22ABA1F9AFCD900E93FC6 /* Build configuration list for PBXNativeTarget "Study DateTests" */;
			buildPhases = (
				D9F22A9F1F9AFCD900E93FC6 /* Sources */,
				D9F22AA01F9AFCD900E93FC6 /* Frameworks */,
				D9F22AA11F9AFCD900E93FC6 /* Resources */,
			);
			buildRules = (
			);
			dependencies = (
				D9F22AA51F9AFCD900E93FC6 /* PBXTargetDependency */,
			);
			name = "Study DateTests";
			productName = "Study DateTests";
			productReference = D9F22AA31F9AFCD900E93FC6 /* Study DateTests.xctest */;
			productType = "com.apple.product-type.bundle.unit-test";
		};
		D9F22AAD1F9AFCD900E93FC6 /* Study DateUITests */ = {
			isa = PBXNativeTarget;
			buildConfigurationList = D9F22ABD1F9AFCD900E93FC6 /* Build configuration list for PBXNativeTarget "Study DateUITests" */;
			buildPhases = (
				D9F22AAA1F9AFCD900E93FC6 /* Sources */,
				D9F22AAB1F9AFCD900E93FC6 /* Frameworks */,
				D9F22AAC1F9AFCD900E93FC6 /* Resources */,
			);
			buildRules = (
			);
			dependencies = (
				D9F22AB01F9AFCD900E93FC6 /* PBXTargetDependency */,
			);
			name = "Study DateUITests";
			productName = "Study DateUITests";
			productReference = D9F22AAE1F9AFCD900E93FC6 /* Study DateUITests.xctest */;
			productType = "com.apple.product-type.bundle.ui-testing";
		};
/* End PBXNativeTarget section */

/* Begin PBXProject section */
		D9F22A871F9AFCD800E93FC6 /* Project object */ = {
			isa = PBXProject;
			attributes = {
				LastSwiftUpdateCheck = 0830;
				LastUpgradeCheck = 0830;
				ORGANIZATIONNAME = "Jamie Nelson";
				TargetAttributes = {
					D9F22A8E1F9AFCD800E93FC6 = {
						CreatedOnToolsVersion = 8.3.3;
						ProvisioningStyle = Automatic;
					};
					D9F22AA21F9AFCD900E93FC6 = {
						CreatedOnToolsVersion = 8.3.3;
						ProvisioningStyle = Automatic;
						TestTargetID = D9F22A8E1F9AFCD800E93FC6;
					};
					D9F22AAD1F9AFCD900E93FC6 = {
						CreatedOnToolsVersion = 8.3.3;
						ProvisioningStyle = Automatic;
						TestTargetID = D9F22A8E1F9AFCD800E93FC6;
					};
				};
			};
			buildConfigurationList = D9F22A8A1F9AFCD800E93FC6 /* Build configuration list for PBXProject "Study Date" */;
			compatibilityVersion = "Xcode 3.2";
			developmentRegion = English;
			hasScannedForEncodings = 0;
			knownRegions = (
				en,
				Base,
			);
			mainGroup = D9F22A861F9AFCD800E93FC6;
			productRefGroup = D9F22A901F9AFCD800E93FC6 /* Products */;
			projectDirPath = "";
			projectRoot = "";
			targets = (
				D9F22A8E1F9AFCD800E93FC6 /* Study Date */,
				D9F22AA21F9AFCD900E93FC6 /* Study DateTests */,
				D9F22AAD1F9AFCD900E93FC6 /* Study DateUITests */,
			);
		};
/* End PBXProject section */

/* Begin PBXResourcesBuildPhase section */
		D9F22A8D1F9AFCD800E93FC6 /* Resources */ = {
			isa = PBXResourcesBuildPhase;
			buildActionMask = 2147483647;
			files = (
				D9F22A9D1F9AFCD800E93FC6 /* LaunchScreen.storyboard in Resources */,
				D9F22A9A1F9AFCD800E93FC6 /* Assets.xcassets in Resources */,
				D9F22A981F9AFCD800E93FC6 /* Main.storyboard in Resources */,
			);
			runOnlyForDeploymentPostprocessing = 0;
		};
		D9F22AA11F9AFCD900E93FC6 /* Resources */ = {
			isa = PBXResourcesBuildPhase;
			buildActionMask = 2147483647;
			files = (
			);
			runOnlyForDeploymentPostprocessing = 0;
		};
		D9F22AAC1F9AFCD900E93FC6 /* Resources */ = {
			isa = PBXResourcesBuildPhase;
			buildActionMask = 2147483647;
			files = (
			);
			runOnlyForDeploymentPostprocessing = 0;
		};
/* End PBXResourcesBuildPhase section */

/* Begin PBXSourcesBuildPhase section */
		D9F22A8B1F9AFCD800E93FC6 /* Sources */ = {
			isa = PBXSourcesBuildPhase;
			buildActionMask = 2147483647;
			files = (
				D9F22A951F9AFCD800E93FC6 /* ViewController.swift in Sources */,
				D9F22A931F9AFCD800E93FC6 /* AppDelegate.swift in Sources */,
			);
			runOnlyForDeploymentPostprocessing = 0;
		};
		D9F22A9F1F9AFCD900E93FC6 /* Sources */ = {
			isa = PBXSourcesBuildPhase;
			buildActionMask = 2147483647;
			files = (
				D9F22AA81F9AFCD900E93FC6 /* Study_DateTests.swift in Sources */,
			);
			runOnlyForDeploymentPostprocessing = 0;
		};
		D9F22AAA1F9AFCD900E93FC6 /* Sources */ = {
			isa = PBXSourcesBuildPhase;
			buildActionMask = 2147483647;
			files = (
				D9F22AB31F9AFCD900E93FC6 /* Study_DateUITests.swift in Sources */,
			);
			runOnlyForDeploymentPostprocessing = 0;
		};
/* End PBXSourcesBuildPhase section */

/* Begin PBXTargetDependency section */
		D9F22AA51F9AFCD900E93FC6 /* PBXTargetDependency */ = {
			isa = PBXTargetDependency;
			target = D9F22A8E1F9AFCD800E93FC6 /* Study Date */;
			targetProxy = D9F22AA41F9AFCD900E93FC6 /* PBXContainerItemProxy */;
		};
		D9F22AB01F9AFCD900E93FC6 /* PBXTargetDependency */ = {
			isa = PBXTargetDependency;
			target = D9F22A8E1F9AFCD800E93FC6 /* Study Date */;
			targetProxy = D9F22AAF1F9AFCD900E93FC6 /* PBXContainerItemProxy */;
		};
/* End PBXTargetDependency section */

/* Begin PBXVariantGroup section */
		D9F22A961F9AFCD800E93FC6 /* Main.storyboard */ = {
			isa = PBXVariantGroup;
			children = (
				D9F22A971F9AFCD800E93FC6 /* Base */,
			);
			name = Main.storyboard;
			sourceTree = "<group>";
		};
		D9F22A9B1F9AFCD800E93FC6 /* LaunchScreen.storyboard */ = {
			isa = PBXVariantGroup;
			children = (
				D9F22A9C1F9AFCD800E93FC6 /* Base */,
			);
			name = LaunchScreen.storyboard;
			sourceTree = "<group>";
		};
/* End PBXVariantGroup section */

/* Begin XCBuildConfiguration section */
		D9F22AB51F9AFCD900E93FC6 /* Debug */ = {
			isa = XCBuildConfiguration;
			buildSettings = {
				ALWAYS_SEARCH_USER_PATHS = NO;
				CLANG_ANALYZER_NONNULL = YES;
				CLANG_ANALYZER_NUMBER_OBJECT_CONVERSION = YES_AGGRESSIVE;
				CLANG_CXX_LANGUAGE_STANDARD = "gnu++0x";
				CLANG_CXX_LIBRARY = "libc++";
				CLANG_ENABLE_MODULES = YES;
				CLANG_ENABLE_OBJC_ARC = YES;
				CLANG_WARN_BOOL_CONVERSION = YES;
				CLANG_WARN_CONSTANT_CONVERSION = YES;
				CLANG_WARN_DIRECT_OBJC_ISA_USAGE = YES_ERROR;
				CLANG_WARN_DOCUMENTATION_COMMENTS = YES;
				CLANG_WARN_EMPTY_BODY = YES;
				CLANG_WARN_ENUM_CONVERSION = YES;
				CLANG_WARN_INFINITE_RECURSION = YES;
				CLANG_WARN_INT_CONVERSION = YES;
				CLANG_WARN_OBJC_ROOT_CLASS = YES_ERROR;
				CLANG_WARN_SUSPICIOUS_MOVE = YES;
				CLANG_WARN_UNREACHABLE_CODE = YES;
				CLANG_WARN__DUPLICATE_METHOD_MATCH = YES;
				"CODE_SIGN_IDENTITY[sdk=iphoneos*]" = "iPhone Developer";
				COPY_PHASE_STRIP = NO;
				DEBUG_INFORMATION_FORMAT = dwarf;
				ENABLE_STRICT_OBJC_MSGSEND = YES;
				ENABLE_TESTABILITY = YES;
				GCC_C_LANGUAGE_STANDARD = gnu99;
				GCC_DYNAMIC_NO_PIC = NO;
				GCC_NO_COMMON_BLOCKS = YES;
				GCC_OPTIMIZATION_LEVEL = 0;
				GCC_PREPROCESSOR_DEFINITIONS = (
					"DEBUG=1",
					"$(inherited)",
				);
				GCC_WARN_64_TO_32_BIT_CONVERSION = YES;
				GCC_WARN_ABOUT_RETURN_TYPE = YES_ERROR;
				GCC_WARN_UNDECLARED_SELECTOR = YES;
				GCC_WARN_UNINITIALIZED_AUTOS = YES_AGGRESSIVE;
				GCC_WARN_UNUSED_FUNCTION = YES;
				GCC_WARN_UNUSED_VARIABLE = YES;
				IPHONEOS_DEPLOYMENT_TARGET = 10.3;
				MTL_ENABLE_DEBUG_INFO = YES;
				ONLY_ACTIVE_ARCH = YES;
				SDKROOT = iphoneos;
				SWIFT_ACTIVE_COMPILATION_CONDITIONS = DEBUG;
				SWIFT_OPTIMIZATION_LEVEL = "-Onone";
			};
			name = Debug;
		};
		D9F22AB61F9AFCD900E93FC6 /* Release */ = {
			isa = XCBuildConfiguration;
			buildSettings = {
				ALWAYS_SEARCH_USER_PATHS = NO;
				CLANG_ANALYZER_NONNULL = YES;
				CLANG_ANALYZER_NUMBER_OBJECT_CONVERSION = YES_AGGRESSIVE;
				CLANG_CXX_LANGUAGE_STANDARD = "gnu++0x";
				CLANG_CXX_LIBRARY = "libc++";
				CLANG_ENABLE_MODULES = YES;
				CLANG_ENABLE_OBJC_ARC = YES;
				CLANG_WARN_BOOL_CONVERSION = YES;
				CLANG_WARN_CONSTANT_CONVERSION = YES;
				CLANG_WARN_DIRECT_OBJC_ISA_USAGE = YES_ERROR;
				CLANG_WARN_DOCUMENTATION_COMMENTS = YES;
				CLANG_WARN_EMPTY_BODY = YES;
				CLANG_WARN_ENUM_CONVERSION = YES;
				CLANG_WARN_INFINITE_RECURSION = YES;
				CLANG_WARN_INT_CONVERSION = YES;
				CLANG_WARN_OBJC_ROOT_CLASS = YES_ERROR;
				CLANG_WARN_SUSPICIOUS_MOVE = YES;
				CLANG_WARN_UNREACHABLE_CODE = YES;
				CLANG_WARN__DUPLICATE_METHOD_MATCH = YES;
				"CODE_SIGN_IDENTITY[sdk=iphoneos*]" = "iPhone Developer";
				COPY_PHASE_STRIP = NO;
				DEBUG_INFORMATION_FORMAT = "dwarf-with-dsym";
				ENABLE_NS_ASSERTIONS = NO;
				ENABLE_STRICT_OBJC_MSGSEND = YES;
				GCC_C_LANGUAGE_STANDARD = gnu99;
				GCC_NO_COMMON_BLOCKS = YES;
				GCC_WARN_64_TO_32_BIT_CONVERSION = YES;
				GCC_WARN_ABOUT_RETURN_TYPE = YES_ERROR;
				GCC_WARN_UNDECLARED_SELECTOR = YES;
				GCC_WARN_UNINITIALIZED_AUTOS = YES_AGGRESSIVE;
				GCC_WARN_UNUSED_FUNCTION = YES;
				GCC_WARN_UNUSED_VARIABLE = YES;
				IPHONEOS_DEPLOYMENT_TARGET = 10.3;
				MTL_ENABLE_DEBUG_INFO = NO;
				SDKROOT = iphoneos;
				SWIFT_OPTIMIZATION_LEVEL = "-Owholemodule";
				VALIDATE_PRODUCT = YES;
			};
			name = Release;
		};
		D9F22AB81F9AFCD900E93FC6 /* Debug */ = {
			isa = XCBuildConfiguration;
			buildSettings = {
				ASSETCATALOG_COMPILER_APPICON_NAME = AppIcon;
				INFOPLIST_FILE = "Study Date/Info.plist";
				LD_RUNPATH_SEARCH_PATHS = "$(inherited) @executable_path/Frameworks";
				PRODUCT_BUNDLE_IDENTIFIER = "Jamie-Nelson.Study-Date";
				PRODUCT_NAME = "$(TARGET_NAME)";
				SWIFT_VERSION = 3.0;
			};
			name = Debug;
		};
		D9F22AB91F9AFCD900E93FC6 /* Release */ = {
			isa = XCBuildConfiguration;
			buildSettings = {
				ASSETCATALOG_COMPILER_APPICON_NAME = AppIcon;
				INFOPLIST_FILE = "Study Date/Info.plist";
				LD_RUNPATH_SEARCH_PATHS = "$(inherited) @executable_path/Frameworks";
				PRODUCT_BUNDLE_IDENTIFIER = "Jamie-Nelson.Study-Date";
				PRODUCT_NAME = "$(TARGET_NAME)";
				SWIFT_VERSION = 3.0;
			};
			name = Release;
		};
		D9F22ABB1F9AFCD900E93FC6 /* Debug */ = {
			isa = XCBuildConfiguration;
			buildSettings = {
				ALWAYS_EMBED_SWIFT_STANDARD_LIBRARIES = YES;
				BUNDLE_LOADER = "$(TEST_HOST)";
				INFOPLIST_FILE = "Study DateTests/Info.plist";
				LD_RUNPATH_SEARCH_PATHS = "$(inherited) @executable_path/Frameworks @loader_path/Frameworks";
				PRODUCT_BUNDLE_IDENTIFIER = "Jamie-Nelson.Study-DateTests";
				PRODUCT_NAME = "$(TARGET_NAME)";
				SWIFT_VERSION = 3.0;
				TEST_HOST = "$(BUILT_PRODUCTS_DIR)/Study Date.app/Study Date";
			};
			name = Debug;
		};
		D9F22ABC1F9AFCD900E93FC6 /* Release */ = {
			isa = XCBuildConfiguration;
			buildSettings = {
				ALWAYS_EMBED_SWIFT_STANDARD_LIBRARIES = YES;
				BUNDLE_LOADER = "$(TEST_HOST)";
				INFOPLIST_FILE = "Study DateTests/Info.plist";
				LD_RUNPATH_SEARCH_PATHS = "$(inherited) @executable_path/Frameworks @loader_path/Frameworks";
				PRODUCT_BUNDLE_IDENTIFIER = "Jamie-Nelson.Study-DateTests";
				PRODUCT_NAME = "$(TARGET_NAME)";
				SWIFT_VERSION = 3.0;
				TEST_HOST = "$(BUILT_PRODUCTS_DIR)/Study Date.app/Study Date";
			};
			name = Release;
		};
		D9F22ABE1F9AFCD900E93FC6 /* Debug */ = {
			isa = XCBuildConfiguration;
			buildSettings = {
				ALWAYS_EMBED_SWIFT_STANDARD_LIBRARIES = YES;
				INFOPLIST_FILE = "Study DateUITests/Info.plist";
				LD_RUNPATH_SEARCH_PATHS = "$(inherited) @executable_path/Frameworks @loader_path/Frameworks";
				PRODUCT_BUNDLE_IDENTIFIER = "Jamie-Nelson.Study-DateUITests";
				PRODUCT_NAME = "$(TARGET_NAME)";
				SWIFT_VERSION = 3.0;
				TEST_TARGET_NAME = "Study Date";
			};
			name = Debug;
		};
		D9F22ABF1F9AFCD900E93FC6 /* Release */ = {
			isa = XCBuildConfiguration;
			buildSettings = {
				ALWAYS_EMBED_SWIFT_STANDARD_LIBRARIES = YES;
				INFOPLIST_FILE = "Study DateUITests/Info.plist";
				LD_RUNPATH_SEARCH_PATHS = "$(inherited) @executable_path/Frameworks @loader_path/Frameworks";
				PRODUCT_BUNDLE_IDENTIFIER = "Jamie-Nelson.Study-DateUITests";
				PRODUCT_NAME = "$(TARGET_NAME)";
				SWIFT_VERSION = 3.0;
				TEST_TARGET_NAME = "Study Date";
			};
			name = Release;
		};
/* End XCBuildConfiguration section */

/* Begin XCConfigurationList section */
		D9F22A8A1F9AFCD800E93FC6 /* Build configuration list for PBXProject "Study Date" */ = {
			isa = XCConfigurationList;
			buildConfigurations = (
				D9F22AB51F9AFCD900E93FC6 /* Debug */,
				D9F22AB61F9AFCD900E93FC6 /* Release */,
			);
			defaultConfigurationIsVisible = 0;
			defaultConfigurationName = Release;
		};
		D9F22AB71F9AFCD900E93FC6 /* Build configuration list for PBXNativeTarget "Study Date" */ = {
			isa = XCConfigurationList;
			buildConfigurations = (
				D9F22AB81F9AFCD900E93FC6 /* Debug */,
				D9F22AB91F9AFCD900E93FC6 /* Release */,
			);
			defaultConfigurationIsVisible = 0;
		};
		D9F22ABA1F9AFCD900E93FC6 /* Build configuration list for PBXNativeTarget "Study DateTests" */ = {
			isa = XCConfigurationList;
			buildConfigurations = (
				D9F22ABB1F9AFCD900E93FC6 /* Debug */,
				D9F22ABC1F9AFCD900E93FC6 /* Release */,
			);
			defaultConfigurationIsVisible = 0;
		};
		D9F22ABD1F9AFCD900E93FC6 /* Build configuration list for PBXNativeTarget "Study DateUITests" */ = {
			isa = XCConfigurationList;
			buildConfigurations = (
				D9F22ABE1F9AFCD900E93FC6 /* Debug */,
				D9F22ABF1F9AFCD900E93FC6 /* Release */,
			);
			defaultConfigurationIsVisible = 0;
		};
/* End XCConfigurationList section */
	};
	rootObject = D9F22A871F9AFCD800E93FC6 /* Project object */;
}
